// !$*UTF8*$!
{
	archiveVersion = 1;
	classes = {
	};
	objectVersion = 77;
	objects = {

/* Begin PBXContainerItemProxy section */
		C390FBA12F85B74F0031F17F /* PBXContainerItemProxy */ = {
			isa = PBXContainerItemProxy;
			containerPortal = C390FB8B2F85B74D0031F17F /* Project object */;
			proxyType = 1;
			remoteGlobalIDString = C390FB922F85B74D0031F17F;
			remoteInfo = PlaceholderProject;
		};
		C390FBAB2F85B74F0031F17F /* PBXContainerItemProxy */ = {
			isa = PBXContainerItemProxy;
			containerPortal = C390FB8B2F85B74D0031F17F /* Project object */;
			proxyType = 1;
			remoteGlobalIDString = C390FB922F85B74D0031F17F;
			remoteInfo = PlaceholderProject;
		};
/* End PBXContainerItemProxy section */

/* Begin PBXFileReference section */
		C390FB932F85B74D0031F17F /* PlaceholderProject.app */ = {isa = PBXFileReference; explicitFileType = wrapper.application; includeInIndex = 0; path = PlaceholderProject.app; sourceTree = BUILT_PRODUCTS_DIR; };
		C390FBA02F85B74F0031F17F /* PlaceholderProjectTests.xctest */ = {isa = PBXFileReference; explicitFileType = wrapper.cfbundle; includeInIndex = 0; path = PlaceholderProjectTests.xctest; sourceTree = BUILT_PRODUCTS_DIR; };
		C390FBAA2F85B74F0031F17F /* PlaceholderProjectUITests.xctest */ = {isa = PBXFileReference; explicitFileType = wrapper.cfbundle; includeInIndex = 0; path = PlaceholderProjectUITests.xctest; sourceTree = BUILT_PRODUCTS_DIR; };
/* End PBXFileReference section */

/* Begin PBXFileSystemSynchronizedRootGroup section */
		C390FB952F85B74D0031F17F /* PlaceholderProject */ = {
			isa = PBXFileSystemSynchronizedRootGroup;
			path = PlaceholderProject;
			sourceTree = "<group>";
		};
		C390FBA32F85B74F0031F17F /* PlaceholderProjectTests */ = {
			isa = PBXFileSystemSynchronizedRootGroup;
			path = PlaceholderProjectTests;
			sourceTree = "<group>";
		};
		C390FBAD2F85B74F0031F17F /* PlaceholderProjectUITests */ = {
			isa = PBXFileSystemSynchronizedRootGroup;
			path = PlaceholderProjectUITests;
			sourceTree = "<group>";
		};
/* End PBXFileSystemSynchronizedRootGroup section */

/* Begin PBXFrameworksBuildPhase section */
		C390FB902F85B74D0031F17F /* Frameworks */ = {
			isa = PBXFrameworksBuildPhase;
			buildActionMask = 2147483647;
			files = (
			);
			runOnlyForDeploymentPostprocessing = 0;
		};
		C390FB9D2F85B74F0031F17F /* Frameworks */ = {
			isa = PBXFrameworksBuildPhase;
			buildActionMask = 2147483647;
			files = (
			);
			runOnlyForDeploymentPostprocessing = 0;
		};
		C390FBA72F85B74F0031F17F /* Frameworks */ = {
			isa = PBXFrameworksBuildPhase;
			buildActionMask = 2147483647;
			files = (
			);
			runOnlyForDeploymentPostprocessing = 0;
		};
/* End PBXFrameworksBuildPhase section */

/* Begin PBXGroup section */
		C390FB8A2F85B74D0031F17F = {
			isa = PBXGroup;
			children = (
				C390FB952F85B74D0031F17F /* PlaceholderProject */,
				C390FBA32F85B74F0031F17F /* PlaceholderProjectTests */,
				C390FBAD2F85B74F0031F17F /* PlaceholderProjectUITests */,
				C390FB942F85B74D0031F17F /* Products */,
			);
			sourceTree = "<group>";
		};
		C390FB942F85B74D0031F17F /* Products */ = {
			isa = PBXGroup;
			children = (
				C390FB932F85B74D0031F17F /* PlaceholderProject.app */,
				C390FBA02F85B74F0031F17F /* PlaceholderProjectTests.xctest */,
				C390FBAA2F85B74F0031F17F /* PlaceholderProjectUITests.xctest */,
			);
			name = Products;
			sourceTree = "<group>";
		};
/* End PBXGroup section */

/* Begin PBXNativeTarget section */
		C390FB922F85B74D0031F17F /* PlaceholderProject */ = {
			isa = PBXNativeTarget;
			buildConfigurationList = C390FBB42F85B74F0031F17F /* Build configuration list for PBXNativeTarget "PlaceholderProject" */;
			buildPhases = (
				C390FB8F2F85B74D0031F17F /* Sources */,
				C390FB902F85B74D0031F17F /* Frameworks */,
				C390FB912F85B74D0031F17F /* Resources */,
			);
			buildRules = (
			);
			dependencies = (
			);
			fileSystemSynchronizedGroups = (
				C390FB952F85B74D0031F17F /* PlaceholderProject */,
			);
			name = PlaceholderProject;
			packageProductDependencies = (
			);
			productName = PlaceholderProject;
			productReference = C390FB932F85B74D0031F17F /* PlaceholderProject.app */;
			productType = "com.apple.product-type.application";
		};
		C390FB9F2F85B74F0031F17F /* PlaceholderProjectTests */ = {
			isa = PBXNativeTarget;
			buildConfigurationList = C390FBB72F85B74F0031F17F /* Build configuration list for PBXNativeTarget "PlaceholderProjectTests" */;
			buildPhases = (
				C390FB9C2F85B74F0031F17F /* Sources */,
				C390FB9D2F85B74F0031F17F /* Frameworks */,
				C390FB9E2F85B74F0031F17F /* Resources */,
			);
			buildRules = (
			);
			dependencies = (
				C390FBA22F85B74F0031F17F /* PBXTargetDependency */,
			);
			fileSystemSynchronizedGroups = (
				C390FBA32F85B74F0031F17F /* PlaceholderProjectTests */,
			);
			name = PlaceholderProjectTests;
			packageProductDependencies = (
			);
			productName = PlaceholderProjectTests;
			productReference = C390FBA02F85B74F0031F17F /* PlaceholderProjectTests.xctest */;
			productType = "com.apple.product-type.bundle.unit-test";
		};
		C390FBA92F85B74F0031F17F /* PlaceholderProjectUITests */ = {
			isa = PBXNativeTarget;
			buildConfigurationList = C390FBBA2F85B74F0031F17F /* Build configuration list for PBXNativeTarget "PlaceholderProjectUITests" */;
			buildPhases = (
				C390FBA62F85B74F0031F17F /* Sources */,
				C390FBA72F85B74F0031F17F /* Frameworks */,
				C390FBA82F85B74F0031F17F /* Resources */,
			);
			buildRules = (
			);
			dependencies = (
				C390FBAC2F85B74F0031F17F /* PBXTargetDependency */,
			);
			fileSystemSynchronizedGroups = (
				C390FBAD2F85B74F0031F17F /* PlaceholderProjectUITests */,
			);
			name = PlaceholderProjectUITests;
			packageProductDependencies = (
			);
			productName = PlaceholderProjectUITests;
			productReference = C390FBAA2F85B74F0031F17F /* PlaceholderProjectUITests.xctest */;
			productType = "com.apple.product-type.bundle.ui-testing";
		};
/* End PBXNativeTarget section */

/* Begin PBXProject section */
		C390FB8B2F85B74D0031F17F /* Project object */ = {
			isa = PBXProject;
			attributes = {
				BuildIndependentTargetsInParallel = 1;
				LastSwiftUpdateCheck = 1640;
				LastUpgradeCheck = 1640;
				TargetAttributes = {
					C390FB922F85B74D0031F17F = {
						CreatedOnToolsVersion = 16.4;
					};
					C390FB9F2F85B74F0031F17F = {
						CreatedOnToolsVersion = 16.4;
						TestTargetID = C390FB922F85B74D0031F17F;
					};
					C390FBA92F85B74F0031F17F = {
						CreatedOnToolsVersion = 16.4;
						TestTargetID = C390FB922F85B74D0031F17F;
					};
				};
			};
			buildConfigurationList = C390FB8E2F85B74D0031F17F /* Build configuration list for PBXProject "PlaceholderProject" */;
			developmentRegion = en;
			hasScannedForEncodings = 0;
			knownRegions = (
				en,
				Base,
			);
			mainGroup = C390FB8A2F85B74D0031F17F;
			minimizedProjectReferenceProxies = 1;
			preferredProjectObjectVersion = 77;
			productRefGroup = C390FB942F85B74D0031F17F /* Products */;
			projectDirPath = "";
			projectRoot = "";
			targets = (
				C390FB922F85B74D0031F17F /* PlaceholderProject */,
				C390FB9F2F85B74F0031F17F /* PlaceholderProjectTests */,
				C390FBA92F85B74F0031F17F /* PlaceholderProjectUITests */,
			);
		};
/* End PBXProject section */

/* Begin PBXResourcesBuildPhase section */
		C390FB912F85B74D0031F17F /* Resources */ = {
			isa = PBXResourcesBuildPhase;
			buildActionMask = 2147483647;
			files = (
			);
			runOnlyForDeploymentPostprocessing = 0;
		};
		C390FB9E2F85B74F0031F17F /* Resources */ = {
			isa = PBXResourcesBuildPhase;
			buildActionMask = 2147483647;
			files = (
			);
			runOnlyForDeploymentPostprocessing = 0;
		};
		C390FBA82F85B74F0031F17F /* Resources */ = {
			isa = PBXResourcesBuildPhase;
			buildActionMask = 2147483647;
			files = (
			);
			runOnlyForDeploymentPostprocessing = 0;
		};
/* End PBXResourcesBuildPhase section */

/* Begin PBXSourcesBuildPhase section */
		C390FB8F2F85B74D0031F17F /* Sources */ = {
			isa = PBXSourcesBuildPhase;
			buildActionMask = 2147483647;
			files = (
			);
			runOnlyForDeploymentPostprocessing = 0;
		};
		C390FB9C2F85B74F0031F17F /* Sources */ = {
			isa = PBXSourcesBuildPhase;
			buildActionMask = 2147483647;
			files = (
			);
			runOnlyForDeploymentPostprocessing = 0;
		};
		C390FBA62F85B74F0031F17F /* Sources */ = {
			isa = PBXSourcesBuildPhase;
			buildActionMask = 2147483647;
			files = (
			);
			runOnlyForDeploymentPostprocessing = 0;
		};
/* End PBXSourcesBuildPhase section */

/* Begin PBXTargetDependency section */
		C390FBA22F85B74F0031F17F /* PBXTargetDependency */ = {
			isa = PBXTargetDependency;
			target = C390FB922F85B74D0031F17F /* PlaceholderProject */;
			targetProxy = C390FBA12F85B74F0031F17F /* PBXContainerItemProxy */;
		};
		C390FBAC2F85B74F0031F17F /* PBXTargetDependency */ = {
			isa = PBXTargetDependency;
			target = C390FB922F85B74D0031F17F /* PlaceholderProject */;
			targetProxy = C390FBAB2F85B74F0031F17F /* PBXContainerItemProxy */;
		};
/* End PBXTargetDependency section */

/* Begin XCBuildConfiguration section */
		C390FBB22F85B74F0031F17F /* Debug */ = {
			isa = XCBuildConfiguration;
			buildSettings = {
				ALWAYS_SEARCH_USER_PATHS = NO;
				ASSETCATALOG_COMPILER_GENERATE_SWIFT_ASSET_SYMBOL_EXTENSIONS = YES;
				CLANG_ANALYZER_NONNULL = YES;
				CLANG_ANALYZER_NUMBER_OBJECT_CONVERSION = YES_AGGRESSIVE;
				CLANG_CXX_LANGUAGE_STANDARD = "gnu++20";
				CLANG_ENABLE_MODULES = YES;
				CLANG_ENABLE_OBJC_ARC = YES;
				CLANG_ENABLE_OBJC_WEAK = YES;
				CLANG_WARN_BLOCK_CAPTURE_AUTORELEASING = YES;
				CLANG_WARN_BOOL_CONVERSION = YES;
				CLANG_WARN_COMMA = YES;
				CLANG_WARN_CONSTANT_CONVERSION = YES;
				CLANG_WARN_DEPRECATED_OBJC_IMPLEMENTATIONS = YES;
				CLANG_WARN_DIRECT_OBJC_ISA_USAGE = YES_ERROR;
				CLANG_WARN_DOCUMENTATION_COMMENTS = YES;
				CLANG_WARN_EMPTY_BODY = YES;
				CLANG_WARN_ENUM_CONVERSION = YES;
				CLANG_WARN_INFINITE_RECURSION = YES;
				CLANG_WARN_INT_CONVERSION = YES;
				CLANG_WARN_NON_LITERAL_NULL_CONVERSION = YES;
				CLANG_WARN_OBJC_IMPLICIT_RETAIN_SELF = YES;
				CLANG_WARN_OBJC_LITERAL_CONVERSION = YES;
				CLANG_WARN_OBJC_ROOT_CLASS = YES_ERROR;
				CLANG_WARN_QUOTED_INCLUDE_IN_FRAMEWORK_HEADER = YES;
				CLANG_WARN_RANGE_LOOP_ANALYSIS = YES;
				CLANG_WARN_STRICT_PROTOTYPES = YES;
				CLANG_WARN_SUSPICIOUS_MOVE = YES;
				CLANG_WARN_UNGUARDED_AVAILABILITY = YES_AGGRESSIVE;
				CLANG_WARN_UNREACHABLE_CODE = YES;
				CLANG_WARN__DUPLICATE_METHOD_MATCH = YES;
				COPY_PHASE_STRIP = NO;
				DEBUG_INFORMATION_FORMAT = dwarf;
				DEVELOPMENT_TEAM = WT5C6TTJP5;
				ENABLE_STRICT_OBJC_MSGSEND = YES;
				ENABLE_TESTABILITY = YES;
				ENABLE_USER_SCRIPT_SANDBOXING = YES;
				GCC_C_LANGUAGE_STANDARD = gnu17;
				GCC_DYNAMIC_NO_PIC = NO;
				GCC_NO_COMMON_BLOCKS = YES;
				GCC_OPTIMIZATION_LEVEL = 0;
				GCC_PREPROCESSOR_DEFINITIONS = (
					"DEBUG=1",
					"$(inherited)",
				);
				GCC_WARN_64_TO_32_BIT_CONVERSION = YES;
				GCC_WARN_ABOUT_RETURN_TYPE = YES_ERROR;
				GCC_WARN_UNDECLARED_SELECTOR = YES;
				GCC_WARN_UNINITIALIZED_AUTOS = YES_AGGRESSIVE;
				GCC_WARN_UNUSED_FUNCTION = YES;
				GCC_WARN_UNUSED_VARIABLE = YES;
				IPHONEOS_DEPLOYMENT_TARGET = 18.5;
				LOCALIZATION_PREFERS_STRING_CATALOGS = YES;
				MTL_ENABLE_DEBUG_INFO = INCLUDE_SOURCE;
				MTL_FAST_MATH = YES;
				ONLY_ACTIVE_ARCH = YES;
				SDKROOT = iphoneos;
				SWIFT_ACTIVE_COMPILATION_CONDITIONS = "DEBUG $(inherited)";
				SWIFT_OPTIMIZATION_LEVEL = "-Onone";
			};
			name = Debug;
		};
		C390FBB32F85B74F0031F17F /* Release */ = {
			isa = XCBuildConfiguration;
			buildSettings = {
				ALWAYS_SEARCH_USER_PATHS = NO;
				ASSETCATALOG_COMPILER_GENERATE_SWIFT_ASSET_SYMBOL_EXTENSIONS = YES;
				CLANG_ANALYZER_NONNULL = YES;
				CLANG_ANALYZER_NUMBER_OBJECT_CONVERSION = YES_AGGRESSIVE;
				CLANG_CXX_LANGUAGE_STANDARD = "gnu++20";
				CLANG_ENABLE_MODULES = YES;
				CLANG_ENABLE_OBJC_ARC = YES;
				CLANG_ENABLE_OBJC_WEAK = YES;
				CLANG_WARN_BLOCK_CAPTURE_AUTORELEASING = YES;
				CLANG_WARN_BOOL_CONVERSION = YES;
				CLANG_WARN_COMMA = YES;
				CLANG_WARN_CONSTANT_CONVERSION = YES;
				CLANG_WARN_DEPRECATED_OBJC_IMPLEMENTATIONS = YES;
				CLANG_WARN_DIRECT_OBJC_ISA_USAGE = YES_ERROR;
				CLANG_WARN_DOCUMENTATION_COMMENTS = YES;
				CLANG_WARN_EMPTY_BODY = YES;
				CLANG_WARN_ENUM_CONVERSION = YES;
				CLANG_WARN_INFINITE_RECURSION = YES;
				CLANG_WARN_INT_CONVERSION = YES;
				CLANG_WARN_NON_LITERAL_NULL_CONVERSION = YES;
				CLANG_WARN_OBJC_IMPLICIT_RETAIN_SELF = YES;
				CLANG_WARN_OBJC_LITERAL_CONVERSION = YES;
				CLANG_WARN_OBJC_ROOT_CLASS = YES_ERROR;
				CLANG_WARN_QUOTED_INCLUDE_IN_FRAMEWORK_HEADER = YES;
				CLANG_WARN_RANGE_LOOP_ANALYSIS = YES;
				CLANG_WARN_STRICT_PROTOTYPES = YES;
				CLANG_WARN_SUSPICIOUS_MOVE = YES;
				CLANG_WARN_UNGUARDED_AVAILABILITY = YES_AGGRESSIVE;
				CLANG_WARN_UNREACHABLE_CODE = YES;
				CLANG_WARN__DUPLICATE_METHOD_MATCH = YES;
				COPY_PHASE_STRIP = NO;
				DEBUG_INFORMATION_FORMAT = "dwarf-with-dsym";
				DEVELOPMENT_TEAM = WT5C6TTJP5;
				ENABLE_NS_ASSERTIONS = NO;
				ENABLE_STRICT_OBJC_MSGSEND = YES;
				ENABLE_USER_SCRIPT_SANDBOXING = YES;
				GCC_C_LANGUAGE_STANDARD = gnu17;
				GCC_NO_COMMON_BLOCKS = YES;
				GCC_WARN_64_TO_32_BIT_CONVERSION = YES;
				GCC_WARN_ABOUT_RETURN_TYPE = YES_ERROR;
				GCC_WARN_UNDECLARED_SELECTOR = YES;
				GCC_WARN_UNINITIALIZED_AUTOS = YES_AGGRESSIVE;
				GCC_WARN_UNUSED_FUNCTION = YES;
				GCC_WARN_UNUSED_VARIABLE = YES;
				IPHONEOS_DEPLOYMENT_TARGET = 18.5;
				LOCALIZATION_PREFERS_STRING_CATALOGS = YES;
				MTL_ENABLE_DEBUG_INFO = NO;
				MTL_FAST_MATH = YES;
				SDKROOT = iphoneos;
				SWIFT_COMPILATION_MODE = wholemodule;
				VALIDATE_PRODUCT = YES;
			};
			name = Release;
		};
		C390FBB52F85B74F0031F17F /* Debug */ = {
			isa = XCBuildConfiguration;
			buildSettings = {
				ASSETCATALOG_COMPILER_APPICON_NAME = AppIcon;
				ASSETCATALOG_COMPILER_GLOBAL_ACCENT_COLOR_NAME = AccentColor;
				CODE_SIGN_STYLE = Automatic;
				CURRENT_PROJECT_VERSION = 1;
				DEVELOPMENT_TEAM = WT5C6TTJP5;
				ENABLE_PREVIEWS = YES;
				GENERATE_INFOPLIST_FILE = YES;
				INFOPLIST_KEY_UIApplicationSceneManifest_Generation = YES;
				INFOPLIST_KEY_UIApplicationSupportsIndirectInputEvents = YES;
				INFOPLIST_KEY_UILaunchScreen_Generation = YES;
				INFOPLIST_KEY_UISupportedInterfaceOrientations_iPad = "UIInterfaceOrientationPortrait UIInterfaceOrientationPortraitUpsideDown UIInterfaceOrientationLandscapeLeft UIInterfaceOrientationLandscapeRight";
				INFOPLIST_KEY_UISupportedInterfaceOrientations_iPhone = "UIInterfaceOrientationPortrait UIInterfaceOrientationLandscapeLeft UIInterfaceOrientationLandscapeRight";
				LD_RUNPATH_SEARCH_PATHS = (
					"$(inherited)",
					"@executable_path/Frameworks",
				);
				MARKETING_VERSION = 1.0;
				PRODUCT_BUNDLE_IDENTIFIER = com.github.anagumo.PlaceholderProject;
				PRODUCT_NAME = "$(TARGET_NAME)";
				SWIFT_EMIT_LOC_STRINGS = YES;
				SWIFT_VERSION = 5.0;
				TARGETED_DEVICE_FAMILY = "1,2";
			};
			name = Debug;
		};
		C390FBB62F85B74F0031F17F /* Release */ = {
			isa = XCBuildConfiguration;
			buildSettings = {
				ASSETCATALOG_COMPILER_APPICON_NAME = AppIcon;
				ASSETCATALOG_COMPILER_GLOBAL_ACCENT_COLOR_NAME = AccentColor;
				CODE_SIGN_STYLE = Automatic;
				CURRENT_PROJECT_VERSION = 1;
				DEVELOPMENT_TEAM = WT5C6TTJP5;
				ENABLE_PREVIEWS = YES;
				GENERATE_INFOPLIST_FILE = YES;
				INFOPLIST_KEY_UIApplicationSceneManifest_Generation = YES;
				INFOPLIST_KEY_UIApplicationSupportsIndirectInputEvents = YES;
				INFOPLIST_KEY_UILaunchScreen_Generation = YES;
				INFOPLIST_KEY_UISupportedInterfaceOrientations_iPad = "UIInterfaceOrientationPortrait UIInterfaceOrientationPortraitUpsideDown UIInterfaceOrientationLandscapeLeft UIInterfaceOrientationLandscapeRight";
				INFOPLIST_KEY_UISupportedInterfaceOrientations_iPhone = "UIInterfaceOrientationPortrait UIInterfaceOrientationLandscapeLeft UIInterfaceOrientationLandscapeRight";
				LD_RUNPATH_SEARCH_PATHS = (
					"$(inherited)",
					"@executable_path/Frameworks",
				);
				MARKETING_VERSION = 1.0;
				PRODUCT_BUNDLE_IDENTIFIER = com.github.anagumo.PlaceholderProject;
				PRODUCT_NAME = "$(TARGET_NAME)";
				SWIFT_EMIT_LOC_STRINGS = YES;
				SWIFT_VERSION = 5.0;
				TARGETED_DEVICE_FAMILY = "1,2";
			};
			name = Release;
		};
		C390FBB82F85B74F0031F17F /* Debug */ = {
			isa = XCBuildConfiguration;
			buildSettings = {
				BUNDLE_LOADER = "$(TEST_HOST)";
				CODE_SIGN_STYLE = Automatic;
				CURRENT_PROJECT_VERSION = 1;
				DEVELOPMENT_TEAM = WT5C6TTJP5;
				GENERATE_INFOPLIST_FILE = YES;
				IPHONEOS_DEPLOYMENT_TARGET = 18.5;
				MARKETING_VERSION = 1.0;
				PRODUCT_BUNDLE_IDENTIFIER = com.github.anagumo.PlaceholderProjectTests;
				PRODUCT_NAME = "$(TARGET_NAME)";
				SWIFT_EMIT_LOC_STRINGS = NO;
				SWIFT_VERSION = 5.0;
				TARGETED_DEVICE_FAMILY = "1,2";
				TEST_HOST = "$(BUILT_PRODUCTS_DIR)/PlaceholderProject.app/$(BUNDLE_EXECUTABLE_FOLDER_PATH)/PlaceholderProject";
			};
			name = Debug;
		};
		C390FBB92F85B74F0031F17F /* Release */ = {
			isa = XCBuildConfiguration;
			buildSettings = {
				BUNDLE_LOADER = "$(TEST_HOST)";
				CODE_SIGN_STYLE = Automatic;
				CURRENT_PROJECT_VERSION = 1;
				DEVELOPMENT_TEAM = WT5C6TTJP5;
				GENERATE_INFOPLIST_FILE = YES;
				IPHONEOS_DEPLOYMENT_TARGET = 18.5;
				MARKETING_VERSION = 1.0;
				PRODUCT_BUNDLE_IDENTIFIER = com.github.anagumo.PlaceholderProjectTests;
				PRODUCT_NAME = "$(TARGET_NAME)";
				SWIFT_EMIT_LOC_STRINGS = NO;
				SWIFT_VERSION = 5.0;
				TARGETED_DEVICE_FAMILY = "1,2";
				TEST_HOST = "$(BUILT_PRODUCTS_DIR)/PlaceholderProject.app/$(BUNDLE_EXECUTABLE_FOLDER_PATH)/PlaceholderProject";
			};
			name = Release;
		};
		C390FBBB2F85B74F0031F17F /* Debug */ = {
			isa = XCBuildConfiguration;
			buildSettings = {
				CODE_SIGN_STYLE = Automatic;
				CURRENT_PROJECT_VERSION = 1;
				DEVELOPMENT_TEAM = WT5C6TTJP5;
				GENERATE_INFOPLIST_FILE = YES;
				MARKETING_VERSION = 1.0;
				PRODUCT_BUNDLE_IDENTIFIER = com.github.anagumo.PlaceholderProjectUITests;
				PRODUCT_NAME = "$(TARGET_NAME)";
				SWIFT_EMIT_LOC_STRINGS = NO;
				SWIFT_VERSION = 5.0;
				TARGETED_DEVICE_FAMILY = "1,2";
				TEST_TARGET_NAME = PlaceholderProject;
			};
			name = Debug;
		};
		C390FBBC2F85B74F0031F17F /* Release */ = {
			isa = XCBuildConfiguration;
			buildSettings = {
				CODE_SIGN_STYLE = Automatic;
				CURRENT_PROJECT_VERSION = 1;
				DEVELOPMENT_TEAM = WT5C6TTJP5;
				GENERATE_INFOPLIST_FILE = YES;
				MARKETING_VERSION = 1.0;
				PRODUCT_BUNDLE_IDENTIFIER = com.github.anagumo.PlaceholderProjectUITests;
				PRODUCT_NAME = "$(TARGET_NAME)";
				SWIFT_EMIT_LOC_STRINGS = NO;
				SWIFT_VERSION = 5.0;
				TARGETED_DEVICE_FAMILY = "1,2";
				TEST_TARGET_NAME = PlaceholderProject;
			};
			name = Release;
		};
/* End XCBuildConfiguration section */

/* Begin XCConfigurationList section */
		C390FB8E2F85B74D0031F17F /* Build configuration list for PBXProject "PlaceholderProject" */ = {
			isa = XCConfigurationList;
			buildConfigurations = (
				C390FBB22F85B74F0031F17F /* Debug */,
				C390FBB32F85B74F0031F17F /* Release */,
			);
			defaultConfigurationIsVisible = 0;
			defaultConfigurationName = Release;
		};
		C390FBB42F85B74F0031F17F /* Build configuration list for PBXNativeTarget "PlaceholderProject" */ = {
			isa = XCConfigurationList;
			buildConfigurations = (
				C390FBB52F85B74F0031F17F /* Debug */,
				C390FBB62F85B74F0031F17F /* Release */,
			);
			defaultConfigurationIsVisible = 0;
			defaultConfigurationName = Release;
		};
		C390FBB72F85B74F0031F17F /* Build configuration list for PBXNativeTarget "PlaceholderProjectTests" */ = {
			isa = XCConfigurationList;
			buildConfigurations = (
				C390FBB82F85B74F0031F17F /* Debug */,
				C390FBB92F85B74F0031F17F /* Release */,
			);
			defaultConfigurationIsVisible = 0;
			defaultConfigurationName = Release;
		};
		C390FBBA2F85B74F0031F17F /* Build configuration list for PBXNativeTarget "PlaceholderProjectUITests" */ = {
			isa = XCConfigurationList;
			buildConfigurations = (
				C390FBBB2F85B74F0031F17F /* Debug */,
				C390FBBC2F85B74F0031F17F /* Release */,
			);
			defaultConfigurationIsVisible = 0;
			defaultConfigurationName = Release;
		};
/* End XCConfigurationList section */
	};
	rootObject = C390FB8B2F85B74D0031F17F /* Project object */;
}
